
Microsoft Visual Studio Solution File, Format Version 12.00
# Visual Studio Version 17
VisualStudioVersion = 17.7.34024.191
MinimumVisualStudioVersion = 10.0.40219.1
Project("{FAE04EC0-301F-11D3-BF4B-00C04F79EFBC}") = "14. Loops While and Do While", "14. Loops While and Do While\14. Loops While and Do While.csproj", "{155C5F89-4952-458B-A5FD-AF89B0B5BCBE}"
EndProject
Global
	GlobalSection(SolutionConfigurationPlatforms) = preSolution
		Debug|Any CPU = Debug|Any CPU
		Release|Any CPU = Release|Any CPU
	EndGlobalSection
	GlobalSection(ProjectConfigurationPlatforms) = postSolution
		{155C5F89-4952-458B-A5FD-AF89B0B5BCBE}.Debug|Any CPU.ActiveCfg = Debug|Any CPU
		{155C5F89-4952-458B-A5FD-AF89B0B5BCBE}.Debug|Any CPU.Build.0 = Debug|Any CPU
		{155C5F89-4952-458B-A5FD-AF89B0B5BCBE}.Release|Any CPU.ActiveCfg = Release|Any CPU
		{155C5F89-4952-458B-A5FD-AF89B0B5BCBE}.Release|Any CPU.Build.0 = Release|Any CPU
	EndGlobalSection
	GlobalSection(SolutionProperties) = preSolution
		HideSolutionNode = FALSE
	EndGlobalSection
	GlobalSection(ExtensibilityGlobals) = postSolution
		SolutionGuid = {5EBCFCE4-2781-47C1-ADC5-D7F5E5709EBA}
	EndGlobalSection
EndGlobal
